
Microsoft Visual Studio Solution File, Format Version 12.00
# Visual Studio Version 17
VisualStudioVersion = 17.6.33723.286
MinimumVisualStudioVersion = 10.0.40219.1
Project("{FAE04EC0-301F-11D3-BF4B-00C04F79EFBC}") = "CifraDeCesar", "CifraDeCesar.csproj", "{51CC68E7-F4A8-4C1D-A68F-BA81CAEFCD05}"
EndProject
Global
	GlobalSection(SolutionConfigurationPlatforms) = preSolution
		Debug|Any CPU = Debug|Any CPU
		Release|Any CPU = Release|Any CPU
	EndGlobalSection
	GlobalSection(ProjectConfigurationPlatforms) = postSolution
		{51CC68E7-F4A8-4C1D-A68F-BA81CAEFCD05}.Debug|Any CPU.ActiveCfg = Debug|Any CPU
		{51CC68E7-F4A8-4C1D-A68F-BA81CAEFCD05}.Debug|Any CPU.Build.0 = Debug|Any CPU
		{51CC68E7-F4A8-4C1D-A68F-BA81CAEFCD05}.Release|Any CPU.ActiveCfg = Release|Any CPU
		{51CC68E7-F4A8-4C1D-A68F-BA81CAEFCD05}.Release|Any CPU.Build.0 = Release|Any CPU
	EndGlobalSection
	GlobalSection(SolutionProperties) = preSolution
		HideSolutionNode = FALSE
	EndGlobalSection
	GlobalSection(ExtensibilityGlobals) = postSolution
		SolutionGuid = {0621D8A6-ED73-4BDE-A6CC-A2BA746F37E9}
	EndGlobalSection
EndGlobal
